
Microsoft Visual Studio Solution File, Format Version 12.00
# Visual Studio Version 16
VisualStudioVersion = 16.0.29519.87
MinimumVisualStudioVersion = 10.0.40219.1
Project("{FAE04EC0-301F-11D3-BF4B-00C04F79EFBC}") = "DynamicMassiv", "DynamicMassiv\DynamicMassiv.csproj", "{DD1A6770-6AAC-45CD-9E30-6FD7FE55890B}"
EndProject
Global
	GlobalSection(SolutionConfigurationPlatforms) = preSolution
		Debug|Any CPU = Debug|Any CPU
		Release|Any CPU = Release|Any CPU
	EndGlobalSection
	GlobalSection(ProjectConfigurationPlatforms) = postSolution
		{DD1A6770-6AAC-45CD-9E30-6FD7FE55890B}.Debug|Any CPU.ActiveCfg = Debug|Any CPU
		{DD1A6770-6AAC-45CD-9E30-6FD7FE55890B}.Debug|Any CPU.Build.0 = Debug|Any CPU
		{DD1A6770-6AAC-45CD-9E30-6FD7FE55890B}.Release|Any CPU.ActiveCfg = Release|Any CPU
		{DD1A6770-6AAC-45CD-9E30-6FD7FE55890B}.Release|Any CPU.Build.0 = Release|Any CPU
	EndGlobalSection
	GlobalSection(SolutionProperties) = preSolution
		HideSolutionNode = FALSE
	EndGlobalSection
	GlobalSection(ExtensibilityGlobals) = postSolution
		SolutionGuid = {58E26F58-AB6B-4A6D-96F9-DB6B6962E586}
	EndGlobalSection
EndGlobal
