
Microsoft Visual Studio Solution File, Format Version 12.00
# Visual Studio Version 16
VisualStudioVersion = 16.0.29503.13
MinimumVisualStudioVersion = 10.0.40219.1
Project("{FAE04EC0-301F-11D3-BF4B-00C04F79EFBC}") = "PlayerXY", "PlayerXY\PlayerXY.csproj", "{AF14EA01-A5DA-436A-B3E6-A362CE3296D3}"
EndProject
Global
	GlobalSection(SolutionConfigurationPlatforms) = preSolution
		Debug|Any CPU = Debug|Any CPU
		Release|Any CPU = Release|Any CPU
	EndGlobalSection
	GlobalSection(ProjectConfigurationPlatforms) = postSolution
		{AF14EA01-A5DA-436A-B3E6-A362CE3296D3}.Debug|Any CPU.ActiveCfg = Debug|Any CPU
		{AF14EA01-A5DA-436A-B3E6-A362CE3296D3}.Debug|Any CPU.Build.0 = Debug|Any CPU
		{AF14EA01-A5DA-436A-B3E6-A362CE3296D3}.Release|Any CPU.ActiveCfg = Release|Any CPU
		{AF14EA01-A5DA-436A-B3E6-A362CE3296D3}.Release|Any CPU.Build.0 = Release|Any CPU
	EndGlobalSection
	GlobalSection(SolutionProperties) = preSolution
		HideSolutionNode = FALSE
	EndGlobalSection
	GlobalSection(ExtensibilityGlobals) = postSolution
		SolutionGuid = {97ADB26A-E5F7-4A5A-88A6-F368702F2E27}
	EndGlobalSection
EndGlobal
