
Microsoft Visual Studio Solution File, Format Version 12.00
# Visual Studio Version 16
VisualStudioVersion = 16.0.29503.13
MinimumVisualStudioVersion = 10.0.40219.1
Project("{FAE04EC0-301F-11D3-BF4B-00C04F79EFBC}") = "Shuffle", "Shuffle\Shuffle.csproj", "{7C829A62-9723-4F92-8FAC-9AE7A40E53D6}"
EndProject
Global
	GlobalSection(SolutionConfigurationPlatforms) = preSolution
		Debug|Any CPU = Debug|Any CPU
		Release|Any CPU = Release|Any CPU
	EndGlobalSection
	GlobalSection(ProjectConfigurationPlatforms) = postSolution
		{7C829A62-9723-4F92-8FAC-9AE7A40E53D6}.Debug|Any CPU.ActiveCfg = Debug|Any CPU
		{7C829A62-9723-4F92-8FAC-9AE7A40E53D6}.Debug|Any CPU.Build.0 = Debug|Any CPU
		{7C829A62-9723-4F92-8FAC-9AE7A40E53D6}.Release|Any CPU.ActiveCfg = Release|Any CPU
		{7C829A62-9723-4F92-8FAC-9AE7A40E53D6}.Release|Any CPU.Build.0 = Release|Any CPU
	EndGlobalSection
	GlobalSection(SolutionProperties) = preSolution
		HideSolutionNode = FALSE
	EndGlobalSection
	GlobalSection(ExtensibilityGlobals) = postSolution
		SolutionGuid = {740E6F97-2750-4182-BCB9-EC25C43D1BAC}
	EndGlobalSection
EndGlobal
