
Microsoft Visual Studio Solution File, Format Version 12.00
# Visual Studio Version 16
VisualStudioVersion = 16.0.29503.13
MinimumVisualStudioVersion = 10.0.40219.1
Project("{FAE04EC0-301F-11D3-BF4B-00C04F79EFBC}") = "Database", "Database\Database.csproj", "{1E9CE30B-0631-4CAF-8CFE-D23D09834528}"
EndProject
Global
	GlobalSection(SolutionConfigurationPlatforms) = preSolution
		Debug|Any CPU = Debug|Any CPU
		Release|Any CPU = Release|Any CPU
	EndGlobalSection
	GlobalSection(ProjectConfigurationPlatforms) = postSolution
		{1E9CE30B-0631-4CAF-8CFE-D23D09834528}.Debug|Any CPU.ActiveCfg = Debug|Any CPU
		{1E9CE30B-0631-4CAF-8CFE-D23D09834528}.Debug|Any CPU.Build.0 = Debug|Any CPU
		{1E9CE30B-0631-4CAF-8CFE-D23D09834528}.Release|Any CPU.ActiveCfg = Release|Any CPU
		{1E9CE30B-0631-4CAF-8CFE-D23D09834528}.Release|Any CPU.Build.0 = Release|Any CPU
	EndGlobalSection
	GlobalSection(SolutionProperties) = preSolution
		HideSolutionNode = FALSE
	EndGlobalSection
	GlobalSection(ExtensibilityGlobals) = postSolution
		SolutionGuid = {72EB7B87-7E5A-4599-A528-FFC8252BC4E3}
	EndGlobalSection
EndGlobal
