
Microsoft Visual Studio Solution File, Format Version 12.00
# Visual Studio Version 16
VisualStudioVersion = 16.0.29503.13
MinimumVisualStudioVersion = 10.0.40219.1
Project("{FAE04EC0-301F-11D3-BF4B-00C04F79EFBC}") = "ConsoleMenu", "ConsoleMenu\ConsoleMenu.csproj", "{B791A9CE-D95D-4BA9-BE51-68AACFCFFFBC}"
EndProject
Global
	GlobalSection(SolutionConfigurationPlatforms) = preSolution
		Debug|Any CPU = Debug|Any CPU
		Release|Any CPU = Release|Any CPU
	EndGlobalSection
	GlobalSection(ProjectConfigurationPlatforms) = postSolution
		{B791A9CE-D95D-4BA9-BE51-68AACFCFFFBC}.Debug|Any CPU.ActiveCfg = Debug|Any CPU
		{B791A9CE-D95D-4BA9-BE51-68AACFCFFFBC}.Debug|Any CPU.Build.0 = Debug|Any CPU
		{B791A9CE-D95D-4BA9-BE51-68AACFCFFFBC}.Release|Any CPU.ActiveCfg = Release|Any CPU
		{B791A9CE-D95D-4BA9-BE51-68AACFCFFFBC}.Release|Any CPU.Build.0 = Release|Any CPU
	EndGlobalSection
	GlobalSection(SolutionProperties) = preSolution
		HideSolutionNode = FALSE
	EndGlobalSection
	GlobalSection(ExtensibilityGlobals) = postSolution
		SolutionGuid = {D1DD52A1-F6F2-4DD8-889B-E3CAFF1B180F}
	EndGlobalSection
EndGlobal
