
Microsoft Visual Studio Solution File, Format Version 12.00
# Visual Studio Version 16
VisualStudioVersion = 16.0.29519.87
MinimumVisualStudioVersion = 10.0.40219.1
Project("{FAE04EC0-301F-11D3-BF4B-00C04F79EFBC}") = "LocalMax", "LocalMax\LocalMax.csproj", "{00E66719-C831-43F1-8107-D5932CB54754}"
EndProject
Global
	GlobalSection(SolutionConfigurationPlatforms) = preSolution
		Debug|Any CPU = Debug|Any CPU
		Release|Any CPU = Release|Any CPU
	EndGlobalSection
	GlobalSection(ProjectConfigurationPlatforms) = postSolution
		{00E66719-C831-43F1-8107-D5932CB54754}.Debug|Any CPU.ActiveCfg = Debug|Any CPU
		{00E66719-C831-43F1-8107-D5932CB54754}.Debug|Any CPU.Build.0 = Debug|Any CPU
		{00E66719-C831-43F1-8107-D5932CB54754}.Release|Any CPU.ActiveCfg = Release|Any CPU
		{00E66719-C831-43F1-8107-D5932CB54754}.Release|Any CPU.Build.0 = Release|Any CPU
	EndGlobalSection
	GlobalSection(SolutionProperties) = preSolution
		HideSolutionNode = FALSE
	EndGlobalSection
	GlobalSection(ExtensibilityGlobals) = postSolution
		SolutionGuid = {0BF482C2-2045-475D-BFB0-0E984A72BE3D}
	EndGlobalSection
EndGlobal
